// !$*UTF8*$!
{
	archiveVersion = 1;
	classes = {
	};
	objectVersion = 48;
	objects = {

/* Begin PBXBuildFile section */
		41D344A820054C36008BC6D1 /* AppDelegate.swift in Sources */ = {isa = PBXBuildFile; fileRef = 41D344A720054C36008BC6D1 /* AppDelegate.swift */; };
		41D344AA20054C36008BC6D1 /* ViewController.swift in Sources */ = {isa = PBXBuildFile; fileRef = 41D344A920054C36008BC6D1 /* ViewController.swift */; };
		41D344AD20054C36008BC6D1 /* Main.storyboard in Resources */ = {isa = PBXBuildFile; fileRef = 41D344AB20054C36008BC6D1 /* Main.storyboard */; };
		41D344AF20054C36008BC6D1 /* Assets.xcassets in Resources */ = {isa = PBXBuildFile; fileRef = 41D344AE20054C36008BC6D1 /* Assets.xcassets */; };
		41D344B220054C37008BC6D1 /* LaunchScreen.storyboard in Resources */ = {isa = PBXBuildFile; fileRef = 41D344B020054C36008BC6D1 /* LaunchScreen.storyboard */; };
		41D344BD20054C37008BC6D1 /* RosTestTests.swift in Sources */ = {isa = PBXBuildFile; fileRef = 41D344BC20054C37008BC6D1 /* RosTestTests.swift */; };
		41D344C820054C37008BC6D1 /* RosTestUITests.swift in Sources */ = {isa = PBXBuildFile; fileRef = 41D344C720054C37008BC6D1 /* RosTestUITests.swift */; };
		41D344D620054D56008BC6D1 /* RealmManager.swift in Sources */ = {isa = PBXBuildFile; fileRef = 41D344D520054D56008BC6D1 /* RealmManager.swift */; };
		41D344D820054D99008BC6D1 /* RealmObjects.swift in Sources */ = {isa = PBXBuildFile; fileRef = 41D344D720054D99008BC6D1 /* RealmObjects.swift */; };
		797D2DCEAEE232D6AF74C461 /* Pods_RosTest.framework in Frameworks */ = {isa = PBXBuildFile; fileRef = 75C1EF252B3F031903F126F4 /* Pods_RosTest.framework */; };
/* End PBXBuildFile section */

/* Begin PBXContainerItemProxy section */
		41D344B920054C37008BC6D1 /* PBXContainerItemProxy */ = {
			isa = PBXContainerItemProxy;
			containerPortal = 41D3449C20054C36008BC6D1 /* Project object */;
			proxyType = 1;
			remoteGlobalIDString = 41D344A320054C36008BC6D1;
			remoteInfo = RosTest;
		};
		41D344C420054C37008BC6D1 /* PBXContainerItemProxy */ = {
			isa = PBXContainerItemProxy;
			containerPortal = 41D3449C20054C36008BC6D1 /* Project object */;
			proxyType = 1;
			remoteGlobalIDString = 41D344A320054C36008BC6D1;
			remoteInfo = RosTest;
		};
/* End PBXContainerItemProxy section */

/* Begin PBXFileReference section */
		41D344A420054C36008BC6D1 /* RosTest.app */ = {isa = PBXFileReference; explicitFileType = wrapper.application; includeInIndex = 0; path = RosTest.app; sourceTree = BUILT_PRODUCTS_DIR; };
		41D344A720054C36008BC6D1 /* AppDelegate.swift */ = {isa = PBXFileReference; lastKnownFileType = sourcecode.swift; path = AppDelegate.swift; sourceTree = "<group>"; };
		41D344A920054C36008BC6D1 /* ViewController.swift */ = {isa = PBXFileReference; lastKnownFileType = sourcecode.swift; path = ViewController.swift; sourceTree = "<group>"; };
		41D344AC20054C36008BC6D1 /* Base */ = {isa = PBXFileReference; lastKnownFileType = file.storyboard; name = Base; path = Base.lproj/Main.storyboard; sourceTree = "<group>"; };
		41D344AE20054C36008BC6D1 /* Assets.xcassets */ = {isa = PBXFileReference; lastKnownFileType = folder.assetcatalog; path = Assets.xcassets; sourceTree = "<group>"; };
		41D344B120054C36008BC6D1 /* Base */ = {isa = PBXFileReference; lastKnownFileType = file.storyboard; name = Base; path = Base.lproj/LaunchScreen.storyboard; sourceTree = "<group>"; };
		41D344B320054C37008BC6D1 /* Info.plist */ = {isa = PBXFileReference; lastKnownFileType = text.plist.xml; path = Info.plist; sourceTree = "<group>"; };
		41D344B820054C37008BC6D1 /* RosTestTests.xctest */ = {isa = PBXFileReference; explicitFileType = wrapper.cfbundle; includeInIndex = 0; path = RosTestTests.xctest; sourceTree = BUILT_PRODUCTS_DIR; };
		41D344BC20054C37008BC6D1 /* RosTestTests.swift */ = {isa = PBXFileReference; lastKnownFileType = sourcecode.swift; path = RosTestTests.swift; sourceTree = "<group>"; };
		41D344BE20054C37008BC6D1 /* Info.plist */ = {isa = PBXFileReference; lastKnownFileType = text.plist.xml; path = Info.plist; sourceTree = "<group>"; };
		41D344C320054C37008BC6D1 /* RosTestUITests.xctest */ = {isa = PBXFileReference; explicitFileType = wrapper.cfbundle; includeInIndex = 0; path = RosTestUITests.xctest; sourceTree = BUILT_PRODUCTS_DIR; };
		41D344C720054C37008BC6D1 /* RosTestUITests.swift */ = {isa = PBXFileReference; lastKnownFileType = sourcecode.swift; path = RosTestUITests.swift; sourceTree = "<group>"; };
		41D344C920054C37008BC6D1 /* Info.plist */ = {isa = PBXFileReference; lastKnownFileType = text.plist.xml; path = Info.plist; sourceTree = "<group>"; };
		41D344D520054D56008BC6D1 /* RealmManager.swift */ = {isa = PBXFileReference; lastKnownFileType = sourcecode.swift; path = RealmManager.swift; sourceTree = "<group>"; };
		41D344D720054D99008BC6D1 /* RealmObjects.swift */ = {isa = PBXFileReference; lastKnownFileType = sourcecode.swift; path = RealmObjects.swift; sourceTree = "<group>"; };
		6E26E7CFEF3058EE972B828F /* Pods-RosTest.debug.xcconfig */ = {isa = PBXFileReference; includeInIndex = 1; lastKnownFileType = text.xcconfig; name = "Pods-RosTest.debug.xcconfig"; path = "Pods/Target Support Files/Pods-RosTest/Pods-RosTest.debug.xcconfig"; sourceTree = "<group>"; };
		75C1EF252B3F031903F126F4 /* Pods_RosTest.framework */ = {isa = PBXFileReference; explicitFileType = wrapper.framework; includeInIndex = 0; path = Pods_RosTest.framework; sourceTree = BUILT_PRODUCTS_DIR; };
		D723197CCF90127453867751 /* Pods-RosTest.release.xcconfig */ = {isa = PBXFileReference; includeInIndex = 1; lastKnownFileType = text.xcconfig; name = "Pods-RosTest.release.xcconfig"; path = "Pods/Target Support Files/Pods-RosTest/Pods-RosTest.release.xcconfig"; sourceTree = "<group>"; };
/* End PBXFileReference section */

/* Begin PBXFrameworksBuildPhase section */
		41D344A120054C36008BC6D1 /* Frameworks */ = {
			isa = PBXFrameworksBuildPhase;
			buildActionMask = 2147483647;
			files = (
				797D2DCEAEE232D6AF74C461 /* Pods_RosTest.framework in Frameworks */,
			);
			runOnlyForDeploymentPostprocessing = 0;
		};
		41D344B520054C37008BC6D1 /* Frameworks */ = {
			isa = PBXFrameworksBuildPhase;
			buildActionMask = 2147483647;
			files = (
			);
			runOnlyForDeploymentPostprocessing = 0;
		};
		41D344C020054C37008BC6D1 /* Frameworks */ = {
			isa = PBXFrameworksBuildPhase;
			buildActionMask = 2147483647;
			files = (
			);
			runOnlyForDeploymentPostprocessing = 0;
		};
/* End PBXFrameworksBuildPhase section */

/* Begin PBXGroup section */
		274344467841BD4F3C276A13 /* Frameworks */ = {
			isa = PBXGroup;
			children = (
				75C1EF252B3F031903F126F4 /* Pods_RosTest.framework */,
			);
			name = Frameworks;
			sourceTree = "<group>";
		};
		41D3449B20054C36008BC6D1 = {
			isa = PBXGroup;
			children = (
				41D344A620054C36008BC6D1 /* RosTest */,
				41D344BB20054C37008BC6D1 /* RosTestTests */,
				41D344C620054C37008BC6D1 /* RosTestUITests */,
				41D344A520054C36008BC6D1 /* Products */,
				F0687233D511FD2C9AEAD31C /* Pods */,
				274344467841BD4F3C276A13 /* Frameworks */,
			);
			sourceTree = "<group>";
		};
		41D344A520054C36008BC6D1 /* Products */ = {
			isa = PBXGroup;
			children = (
				41D344A420054C36008BC6D1 /* RosTest.app */,
				41D344B820054C37008BC6D1 /* RosTestTests.xctest */,
				41D344C320054C37008BC6D1 /* RosTestUITests.xctest */,
			);
			name = Products;
			sourceTree = "<group>";
		};
		41D344A620054C36008BC6D1 /* RosTest */ = {
			isa = PBXGroup;
			children = (
				41D344A720054C36008BC6D1 /* AppDelegate.swift */,
				41D344D520054D56008BC6D1 /* RealmManager.swift */,
				41D344D720054D99008BC6D1 /* RealmObjects.swift */,
				41D344A920054C36008BC6D1 /* ViewController.swift */,
				41D344AB20054C36008BC6D1 /* Main.storyboard */,
				41D344AE20054C36008BC6D1 /* Assets.xcassets */,
				41D344B020054C36008BC6D1 /* LaunchScreen.storyboard */,
				41D344B320054C37008BC6D1 /* Info.plist */,
			);
			path = RosTest;
			sourceTree = "<group>";
		};
		41D344BB20054C37008BC6D1 /* RosTestTests */ = {
			isa = PBXGroup;
			children = (
				41D344BC20054C37008BC6D1 /* RosTestTests.swift */,
				41D344BE20054C37008BC6D1 /* Info.plist */,
			);
			path = RosTestTests;
			sourceTree = "<group>";
		};
		41D344C620054C37008BC6D1 /* RosTestUITests */ = {
			isa = PBXGroup;
			children = (
				41D344C720054C37008BC6D1 /* RosTestUITests.swift */,
				41D344C920054C37008BC6D1 /* Info.plist */,
			);
			path = RosTestUITests;
			sourceTree = "<group>";
		};
		F0687233D511FD2C9AEAD31C /* Pods */ = {
			isa = PBXGroup;
			children = (
				6E26E7CFEF3058EE972B828F /* Pods-RosTest.debug.xcconfig */,
				D723197CCF90127453867751 /* Pods-RosTest.release.xcconfig */,
			);
			name = Pods;
			sourceTree = "<group>";
		};
/* End PBXGroup section */

/* Begin PBXNativeTarget section */
		41D344A320054C36008BC6D1 /* RosTest */ = {
			isa = PBXNativeTarget;
			buildConfigurationList = 41D344CC20054C37008BC6D1 /* Build configuration list for PBXNativeTarget "RosTest" */;
			buildPhases = (
				8DB53E8454319126595A4CFC /* [CP] Check Pods Manifest.lock */,
				41D344A020054C36008BC6D1 /* Sources */,
				41D344A120054C36008BC6D1 /* Frameworks */,
				41D344A220054C36008BC6D1 /* Resources */,
				D33F42F0F1917EB12F05A1E2 /* [CP] Embed Pods Frameworks */,
				EB422CE1D1C83C4CB689BA8C /* [CP] Copy Pods Resources */,
			);
			buildRules = (
			);
			dependencies = (
			);
			name = RosTest;
			productName = RosTest;
			productReference = 41D344A420054C36008BC6D1 /* RosTest.app */;
			productType = "com.apple.product-type.application";
		};
		41D344B720054C37008BC6D1 /* RosTestTests */ = {
			isa = PBXNativeTarget;
			buildConfigurationList = 41D344CF20054C37008BC6D1 /* Build configuration list for PBXNativeTarget "RosTestTests" */;
			buildPhases = (
				41D344B420054C37008BC6D1 /* Sources */,
				41D344B520054C37008BC6D1 /* Frameworks */,
				41D344B620054C37008BC6D1 /* Resources */,
			);
			buildRules = (
			);
			dependencies = (
				41D344BA20054C37008BC6D1 /* PBXTargetDependency */,
			);
			name = RosTestTests;
			productName = RosTestTests;
			productReference = 41D344B820054C37008BC6D1 /* RosTestTests.xctest */;
			productType = "com.apple.product-type.bundle.unit-test";
		};
		41D344C220054C37008BC6D1 /* RosTestUITests */ = {
			isa = PBXNativeTarget;
			buildConfigurationList = 41D344D220054C37008BC6D1 /* Build configuration list for PBXNativeTarget "RosTestUITests" */;
			buildPhases = (
				41D344BF20054C37008BC6D1 /* Sources */,
				41D344C020054C37008BC6D1 /* Frameworks */,
				41D344C120054C37008BC6D1 /* Resources */,
			);
			buildRules = (
			);
			dependencies = (
				41D344C520054C37008BC6D1 /* PBXTargetDependency */,
			);
			name = RosTestUITests;
			productName = RosTestUITests;
			productReference = 41D344C320054C37008BC6D1 /* RosTestUITests.xctest */;
			productType = "com.apple.product-type.bundle.ui-testing";
		};
/* End PBXNativeTarget section */

/* Begin PBXProject section */
		41D3449C20054C36008BC6D1 /* Project object */ = {
			isa = PBXProject;
			attributes = {
				LastSwiftUpdateCheck = 0900;
				LastUpgradeCheck = 0900;
				ORGANIZATIONNAME = "Doug Mead";
				TargetAttributes = {
					41D344A320054C36008BC6D1 = {
						CreatedOnToolsVersion = 9.0;
						ProvisioningStyle = Automatic;
					};
					41D344B720054C37008BC6D1 = {
						CreatedOnToolsVersion = 9.0;
						ProvisioningStyle = Automatic;
						TestTargetID = 41D344A320054C36008BC6D1;
					};
					41D344C220054C37008BC6D1 = {
						CreatedOnToolsVersion = 9.0;
						ProvisioningStyle = Automatic;
						TestTargetID = 41D344A320054C36008BC6D1;
					};
				};
			};
			buildConfigurationList = 41D3449F20054C36008BC6D1 /* Build configuration list for PBXProject "RosTest" */;
			compatibilityVersion = "Xcode 8.0";
			developmentRegion = en;
			hasScannedForEncodings = 0;
			knownRegions = (
				en,
				Base,
			);
			mainGroup = 41D3449B20054C36008BC6D1;
			productRefGroup = 41D344A520054C36008BC6D1 /* Products */;
			projectDirPath = "";
			projectRoot = "";
			targets = (
				41D344A320054C36008BC6D1 /* RosTest */,
				41D344B720054C37008BC6D1 /* RosTestTests */,
				41D344C220054C37008BC6D1 /* RosTestUITests */,
			);
		};
/* End PBXProject section */

/* Begin PBXResourcesBuildPhase section */
		41D344A220054C36008BC6D1 /* Resources */ = {
			isa = PBXResourcesBuildPhase;
			buildActionMask = 2147483647;
			files = (
				41D344B220054C37008BC6D1 /* LaunchScreen.storyboard in Resources */,
				41D344AF20054C36008BC6D1 /* Assets.xcassets in Resources */,
				41D344AD20054C36008BC6D1 /* Main.storyboard in Resources */,
			);
			runOnlyForDeploymentPostprocessing = 0;
		};
		41D344B620054C37008BC6D1 /* Resources */ = {
			isa = PBXResourcesBuildPhase;
			buildActionMask = 2147483647;
			files = (
			);
			runOnlyForDeploymentPostprocessing = 0;
		};
		41D344C120054C37008BC6D1 /* Resources */ = {
			isa = PBXResourcesBuildPhase;
			buildActionMask = 2147483647;
			files = (
			);
			runOnlyForDeploymentPostprocessing = 0;
		};
/* End PBXResourcesBuildPhase section */

/* Begin PBXShellScriptBuildPhase section */
		8DB53E8454319126595A4CFC /* [CP] Check Pods Manifest.lock */ = {
			isa = PBXShellScriptBuildPhase;
			buildActionMask = 2147483647;
			files = (
			);
			inputPaths = (
				"${PODS_PODFILE_DIR_PATH}/Podfile.lock",
				"${PODS_ROOT}/Manifest.lock",
			);
			name = "[CP] Check Pods Manifest.lock";
			outputPaths = (
				"$(DERIVED_FILE_DIR)/Pods-RosTest-checkManifestLockResult.txt",
			);
			runOnlyForDeploymentPostprocessing = 0;
			shellPath = /bin/sh;
			shellScript = "diff \"${PODS_PODFILE_DIR_PATH}/Podfile.lock\" \"${PODS_ROOT}/Manifest.lock\" > /dev/null\nif [ $? != 0 ] ; then\n    # print error to STDERR\n    echo \"error: The sandbox is not in sync with the Podfile.lock. Run 'pod install' or update your CocoaPods installation.\" >&2\n    exit 1\nfi\n# This output is used by Xcode 'outputs' to avoid re-running this script phase.\necho \"SUCCESS\" > \"${SCRIPT_OUTPUT_FILE_0}\"\n";
			showEnvVarsInLog = 0;
		};
		D33F42F0F1917EB12F05A1E2 /* [CP] Embed Pods Frameworks */ = {
			isa = PBXShellScriptBuildPhase;
			buildActionMask = 2147483647;
			files = (
			);
			inputPaths = (
				"${SRCROOT}/Pods/Target Support Files/Pods-RosTest/Pods-RosTest-frameworks.sh",
				"${BUILT_PRODUCTS_DIR}/Realm/Realm.framework",
				"${BUILT_PRODUCTS_DIR}/RealmSwift/RealmSwift.framework",
			);
			name = "[CP] Embed Pods Frameworks";
			outputPaths = (
				"${TARGET_BUILD_DIR}/${FRAMEWORKS_FOLDER_PATH}/Realm.framework",
				"${TARGET_BUILD_DIR}/${FRAMEWORKS_FOLDER_PATH}/RealmSwift.framework",
			);
			runOnlyForDeploymentPostprocessing = 0;
			shellPath = /bin/sh;
			shellScript = "\"${SRCROOT}/Pods/Target Support Files/Pods-RosTest/Pods-RosTest-frameworks.sh\"\n";
			showEnvVarsInLog = 0;
		};
		EB422CE1D1C83C4CB689BA8C /* [CP] Copy Pods Resources */ = {
			isa = PBXShellScriptBuildPhase;
			buildActionMask = 2147483647;
			files = (
			);
			inputPaths = (
			);
			name = "[CP] Copy Pods Resources";
			outputPaths = (
			);
			runOnlyForDeploymentPostprocessing = 0;
			shellPath = /bin/sh;
			shellScript = "\"${SRCROOT}/Pods/Target Support Files/Pods-RosTest/Pods-RosTest-resources.sh\"\n";
			showEnvVarsInLog = 0;
		};
/* End PBXShellScriptBuildPhase section */

/* Begin PBXSourcesBuildPhase section */
		41D344A020054C36008BC6D1 /* Sources */ = {
			isa = PBXSourcesBuildPhase;
			buildActionMask = 2147483647;
			files = (
				41D344D820054D99008BC6D1 /* RealmObjects.swift in Sources */,
				41D344AA20054C36008BC6D1 /* ViewController.swift in Sources */,
				41D344A820054C36008BC6D1 /* AppDelegate.swift in Sources */,
				41D344D620054D56008BC6D1 /* RealmManager.swift in Sources */,
			);
			runOnlyForDeploymentPostprocessing = 0;
		};
		41D344B420054C37008BC6D1 /* Sources */ = {
			isa = PBXSourcesBuildPhase;
			buildActionMask = 2147483647;
			files = (
				41D344BD20054C37008BC6D1 /* RosTestTests.swift in Sources */,
			);
			runOnlyForDeploymentPostprocessing = 0;
		};
		41D344BF20054C37008BC6D1 /* Sources */ = {
			isa = PBXSourcesBuildPhase;
			buildActionMask = 2147483647;
			files = (
				41D344C820054C37008BC6D1 /* RosTestUITests.swift in Sources */,
			);
			runOnlyForDeploymentPostprocessing = 0;
		};
/* End PBXSourcesBuildPhase section */

/* Begin PBXTargetDependency section */
		41D344BA20054C37008BC6D1 /* PBXTargetDependency */ = {
			isa = PBXTargetDependency;
			target = 41D344A320054C36008BC6D1 /* RosTest */;
			targetProxy = 41D344B920054C37008BC6D1 /* PBXContainerItemProxy */;
		};
		41D344C520054C37008BC6D1 /* PBXTargetDependency */ = {
			isa = PBXTargetDependency;
			target = 41D344A320054C36008BC6D1 /* RosTest */;
			targetProxy = 41D344C420054C37008BC6D1 /* PBXContainerItemProxy */;
		};
/* End PBXTargetDependency section */

/* Begin PBXVariantGroup section */
		41D344AB20054C36008BC6D1 /* Main.storyboard */ = {
			isa = PBXVariantGroup;
			children = (
				41D344AC20054C36008BC6D1 /* Base */,
			);
			name = Main.storyboard;
			sourceTree = "<group>";
		};
		41D344B020054C36008BC6D1 /* LaunchScreen.storyboard */ = {
			isa = PBXVariantGroup;
			children = (
				41D344B120054C36008BC6D1 /* Base */,
			);
			name = LaunchScreen.storyboard;
			sourceTree = "<group>";
		};
/* End PBXVariantGroup section */

/* Begin XCBuildConfiguration section */
		41D344CA20054C37008BC6D1 /* Debug */ = {
			isa = XCBuildConfiguration;
			buildSettings = {
				ALWAYS_SEARCH_USER_PATHS = NO;
				CLANG_ANALYZER_NONNULL = YES;
				CLANG_ANALYZER_NUMBER_OBJECT_CONVERSION = YES_AGGRESSIVE;
				CLANG_CXX_LANGUAGE_STANDARD = "gnu++14";
				CLANG_CXX_LIBRARY = "libc++";
				CLANG_ENABLE_MODULES = YES;
				CLANG_ENABLE_OBJC_ARC = YES;
				CLANG_WARN_BLOCK_CAPTURE_AUTORELEASING = YES;
				CLANG_WARN_BOOL_CONVERSION = YES;
				CLANG_WARN_COMMA = YES;
				CLANG_WARN_CONSTANT_CONVERSION = YES;
				CLANG_WARN_DIRECT_OBJC_ISA_USAGE = YES_ERROR;
				CLANG_WARN_DOCUMENTATION_COMMENTS = YES;
				CLANG_WARN_EMPTY_BODY = YES;
				CLANG_WARN_ENUM_CONVERSION = YES;
				CLANG_WARN_INFINITE_RECURSION = YES;
				CLANG_WARN_INT_CONVERSION = YES;
				CLANG_WARN_NON_LITERAL_NULL_CONVERSION = YES;
				CLANG_WARN_OBJC_LITERAL_CONVERSION = YES;
				CLANG_WARN_OBJC_ROOT_CLASS = YES_ERROR;
				CLANG_WARN_RANGE_LOOP_ANALYSIS = YES;
				CLANG_WARN_STRICT_PROTOTYPES = YES;
				CLANG_WARN_SUSPICIOUS_MOVE = YES;
				CLANG_WARN_UNGUARDED_AVAILABILITY = YES_AGGRESSIVE;
				CLANG_WARN_UNREACHABLE_CODE = YES;
				CLANG_WARN__DUPLICATE_METHOD_MATCH = YES;
				CODE_SIGN_IDENTITY = "iPhone Developer";
				COPY_PHASE_STRIP = NO;
				DEBUG_INFORMATION_FORMAT = dwarf;
				ENABLE_STRICT_OBJC_MSGSEND = YES;
				ENABLE_TESTABILITY = YES;
				GCC_C_LANGUAGE_STANDARD = gnu11;
				GCC_DYNAMIC_NO_PIC = NO;
				GCC_NO_COMMON_BLOCKS = YES;
				GCC_OPTIMIZATION_LEVEL = 0;
				GCC_PREPROCESSOR_DEFINITIONS = (
					"DEBUG=1",
					"$(inherited)",
				);
				GCC_WARN_64_TO_32_BIT_CONVERSION = YES;
				GCC_WARN_ABOUT_RETURN_TYPE = YES_ERROR;
				GCC_WARN_UNDECLARED_SELECTOR = YES;
				GCC_WARN_UNINITIALIZED_AUTOS = YES_AGGRESSIVE;
				GCC_WARN_UNUSED_FUNCTION = YES;
				GCC_WARN_UNUSED_VARIABLE = YES;
				IPHONEOS_DEPLOYMENT_TARGET = 11.0;
				MTL_ENABLE_DEBUG_INFO = YES;
				ONLY_ACTIVE_ARCH = YES;
				SDKROOT = iphoneos;
				SWIFT_ACTIVE_COMPILATION_CONDITIONS = DEBUG;
				SWIFT_OPTIMIZATION_LEVEL = "-Onone";
			};
			name = Debug;
		};
		41D344CB20054C37008BC6D1 /* Release */ = {
			isa = XCBuildConfiguration;
			buildSettings = {
				ALWAYS_SEARCH_USER_PATHS = NO;
				CLANG_ANALYZER_NONNULL = YES;
				CLANG_ANALYZER_NUMBER_OBJECT_CONVERSION = YES_AGGRESSIVE;
				CLANG_CXX_LANGUAGE_STANDARD = "gnu++14";
				CLANG_CXX_LIBRARY = "libc++";
				CLANG_ENABLE_MODULES = YES;
				CLANG_ENABLE_OBJC_ARC = YES;
				CLANG_WARN_BLOCK_CAPTURE_AUTORELEASING = YES;
				CLANG_WARN_BOOL_CONVERSION = YES;
				CLANG_WARN_COMMA = YES;
				CLANG_WARN_CONSTANT_CONVERSION = YES;
				CLANG_WARN_DIRECT_OBJC_ISA_USAGE = YES_ERROR;
				CLANG_WARN_DOCUMENTATION_COMMENTS = YES;
				CLANG_WARN_EMPTY_BODY = YES;
				CLANG_WARN_ENUM_CONVERSION = YES;
				CLANG_WARN_INFINITE_RECURSION = YES;
				CLANG_WARN_INT_CONVERSION = YES;
				CLANG_WARN_NON_LITERAL_NULL_CONVERSION = YES;
				CLANG_WARN_OBJC_LITERAL_CONVERSION = YES;
				CLANG_WARN_OBJC_ROOT_CLASS = YES_ERROR;
				CLANG_WARN_RANGE_LOOP_ANALYSIS = YES;
				CLANG_WARN_STRICT_PROTOTYPES = YES;
				CLANG_WARN_SUSPICIOUS_MOVE = YES;
				CLANG_WARN_UNGUARDED_AVAILABILITY = YES_AGGRESSIVE;
				CLANG_WARN_UNREACHABLE_CODE = YES;
				CLANG_WARN__DUPLICATE_METHOD_MATCH = YES;
				CODE_SIGN_IDENTITY = "iPhone Developer";
				COPY_PHASE_STRIP = NO;
				DEBUG_INFORMATION_FORMAT = "dwarf-with-dsym";
				ENABLE_NS_ASSERTIONS = NO;
				ENABLE_STRICT_OBJC_MSGSEND = YES;
				GCC_C_LANGUAGE_STANDARD = gnu11;
				GCC_NO_COMMON_BLOCKS = YES;
				GCC_WARN_64_TO_32_BIT_CONVERSION = YES;
				GCC_WARN_ABOUT_RETURN_TYPE = YES_ERROR;
				GCC_WARN_UNDECLARED_SELECTOR = YES;
				GCC_WARN_UNINITIALIZED_AUTOS = YES_AGGRESSIVE;
				GCC_WARN_UNUSED_FUNCTION = YES;
				GCC_WARN_UNUSED_VARIABLE = YES;
				IPHONEOS_DEPLOYMENT_TARGET = 11.0;
				MTL_ENABLE_DEBUG_INFO = NO;
				SDKROOT = iphoneos;
				SWIFT_OPTIMIZATION_LEVEL = "-Owholemodule";
				VALIDATE_PRODUCT = YES;
			};
			name = Release;
		};
		41D344CD20054C37008BC6D1 /* Debug */ = {
			isa = XCBuildConfiguration;
			baseConfigurationReference = 6E26E7CFEF3058EE972B828F /* Pods-RosTest.debug.xcconfig */;
			buildSettings = {
				ASSETCATALOG_COMPILER_APPICON_NAME = AppIcon;
				CODE_SIGN_STYLE = Automatic;
				DEVELOPMENT_TEAM = 4743B37GFL;
				INFOPLIST_FILE = RosTest/Info.plist;
				LD_RUNPATH_SEARCH_PATHS = "$(inherited) @executable_path/Frameworks";
				PRODUCT_BUNDLE_IDENTIFIER = doug.RosTest;
				PRODUCT_NAME = "$(TARGET_NAME)";
				SWIFT_VERSION = 4.0;
				TARGETED_DEVICE_FAMILY = "1,2";
			};
			name = Debug;
		};
		41D344CE20054C37008BC6D1 /* Release */ = {
			isa = XCBuildConfiguration;
			baseConfigurationReference = D723197CCF90127453867751 /* Pods-RosTest.release.xcconfig */;
			buildSettings = {
				ASSETCATALOG_COMPILER_APPICON_NAME = AppIcon;
				CODE_SIGN_STYLE = Automatic;
				DEVELOPMENT_TEAM = 4743B37GFL;
				INFOPLIST_FILE = RosTest/Info.plist;
				LD_RUNPATH_SEARCH_PATHS = "$(inherited) @executable_path/Frameworks";
				PRODUCT_BUNDLE_IDENTIFIER = doug.RosTest;
				PRODUCT_NAME = "$(TARGET_NAME)";
				SWIFT_VERSION = 4.0;
				TARGETED_DEVICE_FAMILY = "1,2";
			};
			name = Release;
		};
		41D344D020054C37008BC6D1 /* Debug */ = {
			isa = XCBuildConfiguration;
			buildSettings = {
				ALWAYS_EMBED_SWIFT_STANDARD_LIBRARIES = YES;
				BUNDLE_LOADER = "$(TEST_HOST)";
				CODE_SIGN_STYLE = Automatic;
				DEVELOPMENT_TEAM = 4743B37GFL;
				INFOPLIST_FILE = RosTestTests/Info.plist;
				LD_RUNPATH_SEARCH_PATHS = "$(inherited) @executable_path/Frameworks @loader_path/Frameworks";
				PRODUCT_BUNDLE_IDENTIFIER = doug.RosTestTests;
				PRODUCT_NAME = "$(TARGET_NAME)";
				SWIFT_VERSION = 4.0;
				TARGETED_DEVICE_FAMILY = "1,2";
				TEST_HOST = "$(BUILT_PRODUCTS_DIR)/RosTest.app/RosTest";
			};
			name = Debug;
		};
		41D344D120054C37008BC6D1 /* Release */ = {
			isa = XCBuildConfiguration;
			buildSettings = {
				ALWAYS_EMBED_SWIFT_STANDARD_LIBRARIES = YES;
				BUNDLE_LOADER = "$(TEST_HOST)";
				CODE_SIGN_STYLE = Automatic;
				DEVELOPMENT_TEAM = 4743B37GFL;
				INFOPLIST_FILE = RosTestTests/Info.plist;
				LD_RUNPATH_SEARCH_PATHS = "$(inherited) @executable_path/Frameworks @loader_path/Frameworks";
				PRODUCT_BUNDLE_IDENTIFIER = doug.RosTestTests;
				PRODUCT_NAME = "$(TARGET_NAME)";
				SWIFT_VERSION = 4.0;
				TARGETED_DEVICE_FAMILY = "1,2";
				TEST_HOST = "$(BUILT_PRODUCTS_DIR)/RosTest.app/RosTest";
			};
			name = Release;
		};
		41D344D320054C37008BC6D1 /* Debug */ = {
			isa = XCBuildConfiguration;
			buildSettings = {
				ALWAYS_EMBED_SWIFT_STANDARD_LIBRARIES = YES;
				CODE_SIGN_STYLE = Automatic;
				DEVELOPMENT_TEAM = 4743B37GFL;
				INFOPLIST_FILE = RosTestUITests/Info.plist;
				LD_RUNPATH_SEARCH_PATHS = "$(inherited) @executable_path/Frameworks @loader_path/Frameworks";
				PRODUCT_BUNDLE_IDENTIFIER = doug.RosTestUITests;
				PRODUCT_NAME = "$(TARGET_NAME)";
				SWIFT_VERSION = 4.0;
				TARGETED_DEVICE_FAMILY = "1,2";
				TEST_TARGET_NAME = RosTest;
			};
			name = Debug;
		};
		41D344D420054C37008BC6D1 /* Release */ = {
			isa = XCBuildConfiguration;
			buildSettings = {
				ALWAYS_EMBED_SWIFT_STANDARD_LIBRARIES = YES;
				CODE_SIGN_STYLE = Automatic;
				DEVELOPMENT_TEAM = 4743B37GFL;
				INFOPLIST_FILE = RosTestUITests/Info.plist;
				LD_RUNPATH_SEARCH_PATHS = "$(inherited) @executable_path/Frameworks @loader_path/Frameworks";
				PRODUCT_BUNDLE_IDENTIFIER = doug.RosTestUITests;
				PRODUCT_NAME = "$(TARGET_NAME)";
				SWIFT_VERSION = 4.0;
				TARGETED_DEVICE_FAMILY = "1,2";
				TEST_TARGET_NAME = RosTest;
			};
			name = Release;
		};
/* End XCBuildConfiguration section */

/* Begin XCConfigurationList section */
		41D3449F20054C36008BC6D1 /* Build configuration list for PBXProject "RosTest" */ = {
			isa = XCConfigurationList;
			buildConfigurations = (
				41D344CA20054C37008BC6D1 /* Debug */,
				41D344CB20054C37008BC6D1 /* Release */,
			);
			defaultConfigurationIsVisible = 0;
			defaultConfigurationName = Release;
		};
		41D344CC20054C37008BC6D1 /* Build configuration list for PBXNativeTarget "RosTest" */ = {
			isa = XCConfigurationList;
			buildConfigurations = (
				41D344CD20054C37008BC6D1 /* Debug */,
				41D344CE20054C37008BC6D1 /* Release */,
			);
			defaultConfigurationIsVisible = 0;
			defaultConfigurationName = Release;
		};
		41D344CF20054C37008BC6D1 /* Build configuration list for PBXNativeTarget "RosTestTests" */ = {
			isa = XCConfigurationList;
			buildConfigurations = (
				41D344D020054C37008BC6D1 /* Debug */,
				41D344D120054C37008BC6D1 /* Release */,
			);
			defaultConfigurationIsVisible = 0;
			defaultConfigurationName = Release;
		};
		41D344D220054C37008BC6D1 /* Build configuration list for PBXNativeTarget "RosTestUITests" */ = {
			isa = XCConfigurationList;
			buildConfigurations = (
				41D344D320054C37008BC6D1 /* Debug */,
				41D344D420054C37008BC6D1 /* Release */,
			);
			defaultConfigurationIsVisible = 0;
			defaultConfigurationName = Release;
		};
/* End XCConfigurationList section */
	};
	rootObject = 41D3449C20054C36008BC6D1 /* Project object */;
}
